// !$*UTF8*$!
{
	archiveVersion = 1;
	classes = {
	};
	objectVersion = 50;
	objects = {

/* Begin PBXBuildFile section */
		7100B7A126493C3B00547B56 /* Operations.swift in Sources */ = {isa = PBXBuildFile; fileRef = 7100B7A026493C3B00547B56 /* Operations.swift */; };
		71C16F9D2649189300EEE93D /* AppDelegate.swift in Sources */ = {isa = PBXBuildFile; fileRef = 71C16F9C2649189300EEE93D /* AppDelegate.swift */; };
		71C16F9F2649189300EEE93D /* SceneDelegate.swift in Sources */ = {isa = PBXBuildFile; fileRef = 71C16F9E2649189300EEE93D /* SceneDelegate.swift */; };
		71C16FA12649189300EEE93D /* ViewController.swift in Sources */ = {isa = PBXBuildFile; fileRef = 71C16FA02649189300EEE93D /* ViewController.swift */; };
		71C16FA42649189300EEE93D /* Main.storyboard in Resources */ = {isa = PBXBuildFile; fileRef = 71C16FA22649189300EEE93D /* Main.storyboard */; };
		71C16FA62649189500EEE93D /* Assets.xcassets in Resources */ = {isa = PBXBuildFile; fileRef = 71C16FA52649189500EEE93D /* Assets.xcassets */; };
		71C16FA92649189500EEE93D /* LaunchScreen.storyboard in Resources */ = {isa = PBXBuildFile; fileRef = 71C16FA72649189500EEE93D /* LaunchScreen.storyboard */; };
		71C16FB42649189500EEE93D /* CICDTestTests.swift in Sources */ = {isa = PBXBuildFile; fileRef = 71C16FB32649189500EEE93D /* CICDTestTests.swift */; };
		71C16FBF2649189600EEE93D /* CICDTestUITests.swift in Sources */ = {isa = PBXBuildFile; fileRef = 71C16FBE2649189600EEE93D /* CICDTestUITests.swift */; };
/* End PBXBuildFile section */

/* Begin PBXContainerItemProxy section */
		71C16FB02649189500EEE93D /* PBXContainerItemProxy */ = {
			isa = PBXContainerItemProxy;
			containerPortal = 71C16F912649189300EEE93D /* Project object */;
			proxyType = 1;
			remoteGlobalIDString = 71C16F982649189300EEE93D;
			remoteInfo = CICDTest;
		};
		71C16FBB2649189600EEE93D /* PBXContainerItemProxy */ = {
			isa = PBXContainerItemProxy;
			containerPortal = 71C16F912649189300EEE93D /* Project object */;
			proxyType = 1;
			remoteGlobalIDString = 71C16F982649189300EEE93D;
			remoteInfo = CICDTest;
		};
/* End PBXContainerItemProxy section */

/* Begin PBXFileReference section */
		7100B7A026493C3B00547B56 /* Operations.swift */ = {isa = PBXFileReference; lastKnownFileType = sourcecode.swift; path = Operations.swift; sourceTree = "<group>"; };
		71C16F992649189300EEE93D /* CICDTest.app */ = {isa = PBXFileReference; explicitFileType = wrapper.application; includeInIndex = 0; path = CICDTest.app; sourceTree = BUILT_PRODUCTS_DIR; };
		71C16F9C2649189300EEE93D /* AppDelegate.swift */ = {isa = PBXFileReference; lastKnownFileType = sourcecode.swift; path = AppDelegate.swift; sourceTree = "<group>"; };
		71C16F9E2649189300EEE93D /* SceneDelegate.swift */ = {isa = PBXFileReference; lastKnownFileType = sourcecode.swift; path = SceneDelegate.swift; sourceTree = "<group>"; };
		71C16FA02649189300EEE93D /* ViewController.swift */ = {isa = PBXFileReference; lastKnownFileType = sourcecode.swift; path = ViewController.swift; sourceTree = "<group>"; };
		71C16FA32649189300EEE93D /* Base */ = {isa = PBXFileReference; lastKnownFileType = file.storyboard; name = Base; path = Base.lproj/Main.storyboard; sourceTree = "<group>"; };
		71C16FA52649189500EEE93D /* Assets.xcassets */ = {isa = PBXFileReference; lastKnownFileType = folder.assetcatalog; path = Assets.xcassets; sourceTree = "<group>"; };
		71C16FA82649189500EEE93D /* Base */ = {isa = PBXFileReference; lastKnownFileType = file.storyboard; name = Base; path = Base.lproj/LaunchScreen.storyboard; sourceTree = "<group>"; };
		71C16FAA2649189500EEE93D /* Info.plist */ = {isa = PBXFileReference; lastKnownFileType = text.plist.xml; path = Info.plist; sourceTree = "<group>"; };
		71C16FAF2649189500EEE93D /* CICDTestTests.xctest */ = {isa = PBXFileReference; explicitFileType = wrapper.cfbundle; includeInIndex = 0; path = CICDTestTests.xctest; sourceTree = BUILT_PRODUCTS_DIR; };
		71C16FB32649189500EEE93D /* CICDTestTests.swift */ = {isa = PBXFileReference; lastKnownFileType = sourcecode.swift; path = CICDTestTests.swift; sourceTree = "<group>"; };
		71C16FB52649189500EEE93D /* Info.plist */ = {isa = PBXFileReference; lastKnownFileType = text.plist.xml; path = Info.plist; sourceTree = "<group>"; };
		71C16FBA2649189600EEE93D /* CICDTestUITests.xctest */ = {isa = PBXFileReference; explicitFileType = wrapper.cfbundle; includeInIndex = 0; path = CICDTestUITests.xctest; sourceTree = BUILT_PRODUCTS_DIR; };
		71C16FBE2649189600EEE93D /* CICDTestUITests.swift */ = {isa = PBXFileReference; lastKnownFileType = sourcecode.swift; path = CICDTestUITests.swift; sourceTree = "<group>"; };
		71C16FC02649189600EEE93D /* Info.plist */ = {isa = PBXFileReference; lastKnownFileType = text.plist.xml; path = Info.plist; sourceTree = "<group>"; };
/* End PBXFileReference section */

/* Begin PBXFrameworksBuildPhase section */
		71C16F962649189300EEE93D /* Frameworks */ = {
			isa = PBXFrameworksBuildPhase;
			buildActionMask = 2147483647;
			files = (
			);
			runOnlyForDeploymentPostprocessing = 0;
		};
		71C16FAC2649189500EEE93D /* Frameworks */ = {
			isa = PBXFrameworksBuildPhase;
			buildActionMask = 2147483647;
			files = (
			);
			runOnlyForDeploymentPostprocessing = 0;
		};
		71C16FB72649189600EEE93D /* Frameworks */ = {
			isa = PBXFrameworksBuildPhase;
			buildActionMask = 2147483647;
			files = (
			);
			runOnlyForDeploymentPostprocessing = 0;
		};
/* End PBXFrameworksBuildPhase section */

/* Begin PBXGroup section */
		71C16F902649189300EEE93D = {
			isa = PBXGroup;
			children = (
				71C16F9B2649189300EEE93D /* CICDTest */,
				71C16FB22649189500EEE93D /* CICDTestTests */,
				71C16FBD2649189600EEE93D /* CICDTestUITests */,
				71C16F9A2649189300EEE93D /* Products */,
			);
			sourceTree = "<group>";
		};
		71C16F9A2649189300EEE93D /* Products */ = {
			isa = PBXGroup;
			children = (
				71C16F992649189300EEE93D /* CICDTest.app */,
				71C16FAF2649189500EEE93D /* CICDTestTests.xctest */,
				71C16FBA2649189600EEE93D /* CICDTestUITests.xctest */,
			);
			name = Products;
			sourceTree = "<group>";
		};
		71C16F9B2649189300EEE93D /* CICDTest */ = {
			isa = PBXGroup;
			children = (
				71C16F9C2649189300EEE93D /* AppDelegate.swift */,
				71C16F9E2649189300EEE93D /* SceneDelegate.swift */,
				71C16FA02649189300EEE93D /* ViewController.swift */,
				7100B7A026493C3B00547B56 /* Operations.swift */,
				71C16FA22649189300EEE93D /* Main.storyboard */,
				71C16FA52649189500EEE93D /* Assets.xcassets */,
				71C16FA72649189500EEE93D /* LaunchScreen.storyboard */,
				71C16FAA2649189500EEE93D /* Info.plist */,
			);
			path = CICDTest;
			sourceTree = "<group>";
		};
		71C16FB22649189500EEE93D /* CICDTestTests */ = {
			isa = PBXGroup;
			children = (
				71C16FB32649189500EEE93D /* CICDTestTests.swift */,
				71C16FB52649189500EEE93D /* Info.plist */,
			);
			path = CICDTestTests;
			sourceTree = "<group>";
		};
		71C16FBD2649189600EEE93D /* CICDTestUITests */ = {
			isa = PBXGroup;
			children = (
				71C16FBE2649189600EEE93D /* CICDTestUITests.swift */,
				71C16FC02649189600EEE93D /* Info.plist */,
			);
			path = CICDTestUITests;
			sourceTree = "<group>";
		};
/* End PBXGroup section */

/* Begin PBXNativeTarget section */
		71C16F982649189300EEE93D /* CICDTest */ = {
			isa = PBXNativeTarget;
			buildConfigurationList = 71C16FC32649189600EEE93D /* Build configuration list for PBXNativeTarget "CICDTest" */;
			buildPhases = (
				71C16F952649189300EEE93D /* Sources */,
				71C16F962649189300EEE93D /* Frameworks */,
				71C16F972649189300EEE93D /* Resources */,
			);
			buildRules = (
			);
			dependencies = (
			);
			name = CICDTest;
			productName = CICDTest;
			productReference = 71C16F992649189300EEE93D /* CICDTest.app */;
			productType = "com.apple.product-type.application";
		};
		71C16FAE2649189500EEE93D /* CICDTestTests */ = {
			isa = PBXNativeTarget;
			buildConfigurationList = 71C16FC62649189600EEE93D /* Build configuration list for PBXNativeTarget "CICDTestTests" */;
			buildPhases = (
				71C16FAB2649189500EEE93D /* Sources */,
				71C16FAC2649189500EEE93D /* Frameworks */,
				71C16FAD2649189500EEE93D /* Resources */,
			);
			buildRules = (
			);
			dependencies = (
				71C16FB12649189500EEE93D /* PBXTargetDependency */,
			);
			name = CICDTestTests;
			productName = CICDTestTests;
			productReference = 71C16FAF2649189500EEE93D /* CICDTestTests.xctest */;
			productType = "com.apple.product-type.bundle.unit-test";
		};
		71C16FB92649189600EEE93D /* CICDTestUITests */ = {
			isa = PBXNativeTarget;
			buildConfigurationList = 71C16FC92649189600EEE93D /* Build configuration list for PBXNativeTarget "CICDTestUITests" */;
			buildPhases = (
				71C16FB62649189600EEE93D /* Sources */,
				71C16FB72649189600EEE93D /* Frameworks */,
				71C16FB82649189600EEE93D /* Resources */,
			);
			buildRules = (
			);
			dependencies = (
				71C16FBC2649189600EEE93D /* PBXTargetDependency */,
			);
			name = CICDTestUITests;
			productName = CICDTestUITests;
			productReference = 71C16FBA2649189600EEE93D /* CICDTestUITests.xctest */;
			productType = "com.apple.product-type.bundle.ui-testing";
		};
/* End PBXNativeTarget section */

/* Begin PBXProject section */
		71C16F912649189300EEE93D /* Project object */ = {
			isa = PBXProject;
			attributes = {
				LastSwiftUpdateCheck = 1240;
				LastUpgradeCheck = 1240;
				TargetAttributes = {
					71C16F982649189300EEE93D = {
						CreatedOnToolsVersion = 12.4;
					};
					71C16FAE2649189500EEE93D = {
						CreatedOnToolsVersion = 12.4;
						TestTargetID = 71C16F982649189300EEE93D;
					};
					71C16FB92649189600EEE93D = {
						CreatedOnToolsVersion = 12.4;
						TestTargetID = 71C16F982649189300EEE93D;
					};
				};
			};
			buildConfigurationList = 71C16F942649189300EEE93D /* Build configuration list for PBXProject "CICDTest" */;
			compatibilityVersion = "Xcode 9.3";
			developmentRegion = en;
			hasScannedForEncodings = 0;
			knownRegions = (
				en,
				Base,
			);
			mainGroup = 71C16F902649189300EEE93D;
			productRefGroup = 71C16F9A2649189300EEE93D /* Products */;
			projectDirPath = "";
			projectRoot = "";
			targets = (
				71C16F982649189300EEE93D /* CICDTest */,
				71C16FAE2649189500EEE93D /* CICDTestTests */,
				71C16FB92649189600EEE93D /* CICDTestUITests */,
			);
		};
/* End PBXProject section */

/* Begin PBXResourcesBuildPhase section */
		71C16F972649189300EEE93D /* Resources */ = {
			isa = PBXResourcesBuildPhase;
			buildActionMask = 2147483647;
			files = (
				71C16FA92649189500EEE93D /* LaunchScreen.storyboard in Resources */,
				71C16FA62649189500EEE93D /* Assets.xcassets in Resources */,
				71C16FA42649189300EEE93D /* Main.storyboard in Resources */,
			);
			runOnlyForDeploymentPostprocessing = 0;
		};
		71C16FAD2649189500EEE93D /* Resources */ = {
			isa = PBXResourcesBuildPhase;
			buildActionMask = 2147483647;
			files = (
			);
			runOnlyForDeploymentPostprocessing = 0;
		};
		71C16FB82649189600EEE93D /* Resources */ = {
			isa = PBXResourcesBuildPhase;
			buildActionMask = 2147483647;
			files = (
			);
			runOnlyForDeploymentPostprocessing = 0;
		};
/* End PBXResourcesBuildPhase section */

/* Begin PBXSourcesBuildPhase section */
		71C16F952649189300EEE93D /* Sources */ = {
			isa = PBXSourcesBuildPhase;
			buildActionMask = 2147483647;
			files = (
				71C16FA12649189300EEE93D /* ViewController.swift in Sources */,
				71C16F9D2649189300EEE93D /* AppDelegate.swift in Sources */,
				71C16F9F2649189300EEE93D /* SceneDelegate.swift in Sources */,
				7100B7A126493C3B00547B56 /* Operations.swift in Sources */,
			);
			runOnlyForDeploymentPostprocessing = 0;
		};
		71C16FAB2649189500EEE93D /* Sources */ = {
			isa = PBXSourcesBuildPhase;
			buildActionMask = 2147483647;
			files = (
				71C16FB42649189500EEE93D /* CICDTestTests.swift in Sources */,
			);
			runOnlyForDeploymentPostprocessing = 0;
		};
		71C16FB62649189600EEE93D /* Sources */ = {
			isa = PBXSourcesBuildPhase;
			buildActionMask = 2147483647;
			files = (
				71C16FBF2649189600EEE93D /* CICDTestUITests.swift in Sources */,
			);
			runOnlyForDeploymentPostprocessing = 0;
		};
/* End PBXSourcesBuildPhase section */

/* Begin PBXTargetDependency section */
		71C16FB12649189500EEE93D /* PBXTargetDependency */ = {
			isa = PBXTargetDependency;
			target = 71C16F982649189300EEE93D /* CICDTest */;
			targetProxy = 71C16FB02649189500EEE93D /* PBXContainerItemProxy */;
		};
		71C16FBC2649189600EEE93D /* PBXTargetDependency */ = {
			isa = PBXTargetDependency;
			target = 71C16F982649189300EEE93D /* CICDTest */;
			targetProxy = 71C16FBB2649189600EEE93D /* PBXContainerItemProxy */;
		};
/* End PBXTargetDependency section */

/* Begin PBXVariantGroup section */
		71C16FA22649189300EEE93D /* Main.storyboard */ = {
			isa = PBXVariantGroup;
			children = (
				71C16FA32649189300EEE93D /* Base */,
			);
			name = Main.storyboard;
			sourceTree = "<group>";
		};
		71C16FA72649189500EEE93D /* LaunchScreen.storyboard */ = {
			isa = PBXVariantGroup;
			children = (
				71C16FA82649189500EEE93D /* Base */,
			);
			name = LaunchScreen.storyboard;
			sourceTree = "<group>";
		};
/* End PBXVariantGroup section */

/* Begin XCBuildConfiguration section */
		71C16FC12649189600EEE93D /* Debug */ = {
			isa = XCBuildConfiguration;
			buildSettings = {
				ALWAYS_SEARCH_USER_PATHS = NO;
				CLANG_ANALYZER_NONNULL = YES;
				CLANG_ANALYZER_NUMBER_OBJECT_CONVERSION = YES_AGGRESSIVE;
				CLANG_CXX_LANGUAGE_STANDARD = "gnu++14";
				CLANG_CXX_LIBRARY = "libc++";
				CLANG_ENABLE_MODULES = YES;
				CLANG_ENABLE_OBJC_ARC = YES;
				CLANG_ENABLE_OBJC_WEAK = YES;
				CLANG_WARN_BLOCK_CAPTURE_AUTORELEASING = YES;
				CLANG_WARN_BOOL_CONVERSION = YES;
				CLANG_WARN_COMMA = YES;
				CLANG_WARN_CONSTANT_CONVERSION = YES;
				CLANG_WARN_DEPRECATED_OBJC_IMPLEMENTATIONS = YES;
				CLANG_WARN_DIRECT_OBJC_ISA_USAGE = YES_ERROR;
				CLANG_WARN_DOCUMENTATION_COMMENTS = YES;
				CLANG_WARN_EMPTY_BODY = YES;
				CLANG_WARN_ENUM_CONVERSION = YES;
				CLANG_WARN_INFINITE_RECURSION = YES;
				CLANG_WARN_INT_CONVERSION = YES;
				CLANG_WARN_NON_LITERAL_NULL_CONVERSION = YES;
				CLANG_WARN_OBJC_IMPLICIT_RETAIN_SELF = YES;
				CLANG_WARN_OBJC_LITERAL_CONVERSION = YES;
				CLANG_WARN_OBJC_ROOT_CLASS = YES_ERROR;
				CLANG_WARN_QUOTED_INCLUDE_IN_FRAMEWORK_HEADER = YES;
				CLANG_WARN_RANGE_LOOP_ANALYSIS = YES;
				CLANG_WARN_STRICT_PROTOTYPES = YES;
				CLANG_WARN_SUSPICIOUS_MOVE = YES;
				CLANG_WARN_UNGUARDED_AVAILABILITY = YES_AGGRESSIVE;
				CLANG_WARN_UNREACHABLE_CODE = YES;
				CLANG_WARN__DUPLICATE_METHOD_MATCH = YES;
				COPY_PHASE_STRIP = NO;
				DEBUG_INFORMATION_FORMAT = dwarf;
				ENABLE_STRICT_OBJC_MSGSEND = YES;
				ENABLE_TESTABILITY = YES;
				GCC_C_LANGUAGE_STANDARD = gnu11;
				GCC_DYNAMIC_NO_PIC = NO;
				GCC_NO_COMMON_BLOCKS = YES;
				GCC_OPTIMIZATION_LEVEL = 0;
				GCC_PREPROCESSOR_DEFINITIONS = (
					"DEBUG=1",
					"$(inherited)",
				);
				GCC_WARN_64_TO_32_BIT_CONVERSION = YES;
				GCC_WARN_ABOUT_RETURN_TYPE = YES_ERROR;
				GCC_WARN_UNDECLARED_SELECTOR = YES;
				GCC_WARN_UNINITIALIZED_AUTOS = YES_AGGRESSIVE;
				GCC_WARN_UNUSED_FUNCTION = YES;
				GCC_WARN_UNUSED_VARIABLE = YES;
				IPHONEOS_DEPLOYMENT_TARGET = 14.4;
				MTL_ENABLE_DEBUG_INFO = INCLUDE_SOURCE;
				MTL_FAST_MATH = YES;
				ONLY_ACTIVE_ARCH = YES;
				SDKROOT = iphoneos;
				SWIFT_ACTIVE_COMPILATION_CONDITIONS = DEBUG;
				SWIFT_OPTIMIZATION_LEVEL = "-Onone";
			};
			name = Debug;
		};
		71C16FC22649189600EEE93D /* Release */ = {
			isa = XCBuildConfiguration;
			buildSettings = {
				ALWAYS_SEARCH_USER_PATHS = NO;
				CLANG_ANALYZER_NONNULL = YES;
				CLANG_ANALYZER_NUMBER_OBJECT_CONVERSION = YES_AGGRESSIVE;
				CLANG_CXX_LANGUAGE_STANDARD = "gnu++14";
				CLANG_CXX_LIBRARY = "libc++";
				CLANG_ENABLE_MODULES = YES;
				CLANG_ENABLE_OBJC_ARC = YES;
				CLANG_ENABLE_OBJC_WEAK = YES;
				CLANG_WARN_BLOCK_CAPTURE_AUTORELEASING = YES;
				CLANG_WARN_BOOL_CONVERSION = YES;
				CLANG_WARN_COMMA = YES;
				CLANG_WARN_CONSTANT_CONVERSION = YES;
				CLANG_WARN_DEPRECATED_OBJC_IMPLEMENTATIONS = YES;
				CLANG_WARN_DIRECT_OBJC_ISA_USAGE = YES_ERROR;
				CLANG_WARN_DOCUMENTATION_COMMENTS = YES;
				CLANG_WARN_EMPTY_BODY = YES;
				CLANG_WARN_ENUM_CONVERSION = YES;
				CLANG_WARN_INFINITE_RECURSION = YES;
				CLANG_WARN_INT_CONVERSION = YES;
				CLANG_WARN_NON_LITERAL_NULL_CONVERSION = YES;
				CLANG_WARN_OBJC_IMPLICIT_RETAIN_SELF = YES;
				CLANG_WARN_OBJC_LITERAL_CONVERSION = YES;
				CLANG_WARN_OBJC_ROOT_CLASS = YES_ERROR;
				CLANG_WARN_QUOTED_INCLUDE_IN_FRAMEWORK_HEADER = YES;
				CLANG_WARN_RANGE_LOOP_ANALYSIS = YES;
				CLANG_WARN_STRICT_PROTOTYPES = YES;
				CLANG_WARN_SUSPICIOUS_MOVE = YES;
				CLANG_WARN_UNGUARDED_AVAILABILITY = YES_AGGRESSIVE;
				CLANG_WARN_UNREACHABLE_CODE = YES;
				CLANG_WARN__DUPLICATE_METHOD_MATCH = YES;
				COPY_PHASE_STRIP = NO;
				DEBUG_INFORMATION_FORMAT = "dwarf-with-dsym";
				ENABLE_NS_ASSERTIONS = NO;
				ENABLE_STRICT_OBJC_MSGSEND = YES;
				GCC_C_LANGUAGE_STANDARD = gnu11;
				GCC_NO_COMMON_BLOCKS = YES;
				GCC_WARN_64_TO_32_BIT_CONVERSION = YES;
				GCC_WARN_ABOUT_RETURN_TYPE = YES_ERROR;
				GCC_WARN_UNDECLARED_SELECTOR = YES;
				GCC_WARN_UNINITIALIZED_AUTOS = YES_AGGRESSIVE;
				GCC_WARN_UNUSED_FUNCTION = YES;
				GCC_WARN_UNUSED_VARIABLE = YES;
				IPHONEOS_DEPLOYMENT_TARGET = 14.4;
				MTL_ENABLE_DEBUG_INFO = NO;
				MTL_FAST_MATH = YES;
				SDKROOT = iphoneos;
				SWIFT_COMPILATION_MODE = wholemodule;
				SWIFT_OPTIMIZATION_LEVEL = "-O";
				VALIDATE_PRODUCT = YES;
			};
			name = Release;
		};
		71C16FC42649189600EEE93D /* Debug */ = {
			isa = XCBuildConfiguration;
			buildSettings = {
				ASSETCATALOG_COMPILER_APPICON_NAME = AppIcon;
				ASSETCATALOG_COMPILER_GLOBAL_ACCENT_COLOR_NAME = AccentColor;
				CODE_SIGN_STYLE = Automatic;
				DEVELOPMENT_TEAM = CDZHC462QT;
				INFOPLIST_FILE = CICDTest/Info.plist;
				LD_RUNPATH_SEARCH_PATHS = (
					"$(inherited)",
					"@executable_path/Frameworks",
				);
				PRODUCT_BUNDLE_IDENTIFIER = com.kerimcaglar..CICDTest;
				PRODUCT_NAME = "$(TARGET_NAME)";
				SWIFT_VERSION = 5.0;
				TARGETED_DEVICE_FAMILY = "1,2";
			};
			name = Debug;
		};
		71C16FC52649189600EEE93D /* Release */ = {
			isa = XCBuildConfiguration;
			buildSettings = {
				ASSETCATALOG_COMPILER_APPICON_NAME = AppIcon;
				ASSETCATALOG_COMPILER_GLOBAL_ACCENT_COLOR_NAME = AccentColor;
				CODE_SIGN_STYLE = Automatic;
				DEVELOPMENT_TEAM = CDZHC462QT;
				INFOPLIST_FILE = CICDTest/Info.plist;
				LD_RUNPATH_SEARCH_PATHS = (
					"$(inherited)",
					"@executable_path/Frameworks",
				);
				PRODUCT_BUNDLE_IDENTIFIER = com.kerimcaglar..CICDTest;
				PRODUCT_NAME = "$(TARGET_NAME)";
				SWIFT_VERSION = 5.0;
				TARGETED_DEVICE_FAMILY = "1,2";
			};
			name = Release;
		};
		71C16FC72649189600EEE93D /* Debug */ = {
			isa = XCBuildConfiguration;
			buildSettings = {
				ALWAYS_EMBED_SWIFT_STANDARD_LIBRARIES = YES;
				BUNDLE_LOADER = "$(TEST_HOST)";
				CODE_SIGN_STYLE = Automatic;
				DEVELOPMENT_TEAM = CDZHC462QT;
				INFOPLIST_FILE = CICDTestTests/Info.plist;
				IPHONEOS_DEPLOYMENT_TARGET = 14.4;
				LD_RUNPATH_SEARCH_PATHS = (
					"$(inherited)",
					"@executable_path/Frameworks",
					"@loader_path/Frameworks",
				);
				PRODUCT_BUNDLE_IDENTIFIER = com.kerimcaglar..CICDTestTests;
				PRODUCT_NAME = "$(TARGET_NAME)";
				SWIFT_VERSION = 5.0;
				TARGETED_DEVICE_FAMILY = "1,2";
				TEST_HOST = "$(BUILT_PRODUCTS_DIR)/CICDTest.app/CICDTest";
			};
			name = Debug;
		};
		71C16FC82649189600EEE93D /* Release */ = {
			isa = XCBuildConfiguration;
			buildSettings = {
				ALWAYS_EMBED_SWIFT_STANDARD_LIBRARIES = YES;
				BUNDLE_LOADER = "$(TEST_HOST)";
				CODE_SIGN_STYLE = Automatic;
				DEVELOPMENT_TEAM = CDZHC462QT;
				INFOPLIST_FILE = CICDTestTests/Info.plist;
				IPHONEOS_DEPLOYMENT_TARGET = 14.4;
				LD_RUNPATH_SEARCH_PATHS = (
					"$(inherited)",
					"@executable_path/Frameworks",
					"@loader_path/Frameworks",
				);
				PRODUCT_BUNDLE_IDENTIFIER = com.kerimcaglar..CICDTestTests;
				PRODUCT_NAME = "$(TARGET_NAME)";
				SWIFT_VERSION = 5.0;
				TARGETED_DEVICE_FAMILY = "1,2";
				TEST_HOST = "$(BUILT_PRODUCTS_DIR)/CICDTest.app/CICDTest";
			};
			name = Release;
		};
		71C16FCA2649189600EEE93D /* Debug */ = {
			isa = XCBuildConfiguration;
			buildSettings = {
				ALWAYS_EMBED_SWIFT_STANDARD_LIBRARIES = YES;
				CODE_SIGN_STYLE = Automatic;
				DEVELOPMENT_TEAM = CDZHC462QT;
				INFOPLIST_FILE = CICDTestUITests/Info.plist;
				LD_RUNPATH_SEARCH_PATHS = (
					"$(inherited)",
					"@executable_path/Frameworks",
					"@loader_path/Frameworks",
				);
				PRODUCT_BUNDLE_IDENTIFIER = com.kerimcaglar..CICDTestUITests;
				PRODUCT_NAME = "$(TARGET_NAME)";
				SWIFT_VERSION = 5.0;
				TARGETED_DEVICE_FAMILY = "1,2";
				TEST_TARGET_NAME = CICDTest;
			};
			name = Debug;
		};
		71C16FCB2649189600EEE93D /* Release */ = {
			isa = XCBuildConfiguration;
			buildSettings = {
				ALWAYS_EMBED_SWIFT_STANDARD_LIBRARIES = YES;
				CODE_SIGN_STYLE = Automatic;
				DEVELOPMENT_TEAM = CDZHC462QT;
				INFOPLIST_FILE = CICDTestUITests/Info.plist;
				LD_RUNPATH_SEARCH_PATHS = (
					"$(inherited)",
					"@executable_path/Frameworks",
					"@loader_path/Frameworks",
				);
				PRODUCT_BUNDLE_IDENTIFIER = com.kerimcaglar..CICDTestUITests;
				PRODUCT_NAME = "$(TARGET_NAME)";
				SWIFT_VERSION = 5.0;
				TARGETED_DEVICE_FAMILY = "1,2";
				TEST_TARGET_NAME = CICDTest;
			};
			name = Release;
		};
/* End XCBuildConfiguration section */

/* Begin XCConfigurationList section */
		71C16F942649189300EEE93D /* Build configuration list for PBXProject "CICDTest" */ = {
			isa = XCConfigurationList;
			buildConfigurations = (
				71C16FC12649189600EEE93D /* Debug */,
				71C16FC22649189600EEE93D /* Release */,
			);
			defaultConfigurationIsVisible = 0;
			defaultConfigurationName = Release;
		};
		71C16FC32649189600EEE93D /* Build configuration list for PBXNativeTarget "CICDTest" */ = {
			isa = XCConfigurationList;
			buildConfigurations = (
				71C16FC42649189600EEE93D /* Debug */,
				71C16FC52649189600EEE93D /* Release */,
			);
			defaultConfigurationIsVisible = 0;
			defaultConfigurationName = Release;
		};
		71C16FC62649189600EEE93D /* Build configuration list for PBXNativeTarget "CICDTestTests" */ = {
			isa = XCConfigurationList;
			buildConfigurations = (
				71C16FC72649189600EEE93D /* Debug */,
				71C16FC82649189600EEE93D /* Release */,
			);
			defaultConfigurationIsVisible = 0;
			defaultConfigurationName = Release;
		};
		71C16FC92649189600EEE93D /* Build configuration list for PBXNativeTarget "CICDTestUITests" */ = {
			isa = XCConfigurationList;
			buildConfigurations = (
				71C16FCA2649189600EEE93D /* Debug */,
				71C16FCB2649189600EEE93D /* Release */,
			);
			defaultConfigurationIsVisible = 0;
			defaultConfigurationName = Release;
		};
/* End XCConfigurationList section */
	};
	rootObject = 71C16F912649189300EEE93D /* Project object */;
}
